<?xml version="1.0" encoding="utf-8"?>
<Project ToolsVersion="4.0" xmlns="http://schemas.microsoft.com/developer/msbuild/2003">
  <ItemGroup>
    <ClCompile Include="add.t.cpp" />
    <ClCompile Include="bell.t.cpp" />
    <ClCompile Include="constructor.t.cpp" />
    <ClCompile Include="derivative.t.cpp" />
    <ClCompile Include="div.t.cpp" />
    <ClCompile Include="epsilon.t.cpp" />
    <ClCompile Include="expression.t.cpp" />
    <ClCompile Include="hermite.t.cpp" />
    <ClCompile Include="mul.t.cpp" />
    <ClCompile Include="norm.t.cpp" />
    <ClCompile Include="sub.t.cpp" />
    <ClCompile Include="sub.t.cpp" />
    <ClCompile Include="sub.t.cpp" />
    <ClCompile Include="sub.t.cpp" />
    <ClCompile Include="sub.t.cpp" />
    <ClCompile Include="sub.t.cpp" />
    <ClCompile Include="sub.t.cpp" />
    <ClCompile Include="exp.t.cpp" />
  </ItemGroup>
  <ItemGroup>
    <ClInclude Include="bell.h" />
    <ClInclude Include="epsilon.h" />
    <ClInclude Include="hermite.h" />
    <ClInclude Include="pow.h" />
    <ClInclude Include="normal.h" />
    <ClInclude Include="exp.h" />
  </ItemGroup>
  <ItemGroup>
    <None Include="README.md" />
    <None Include="NOTES.md" />
  </ItemGroup>
</Project>